
Microsoft Visual Studio Solution File, Format Version 12.00
# Visual Studio Version 16
VisualStudioVersion = 16.0.30621.155
MinimumVisualStudioVersion = 10.0.40219.1
Project("{FAE04EC0-301F-11D3-BF4B-00C04F79EFBC}") = "API_Estudante", "API_Estudante\API_Estudante.csproj", "{A21D6BCA-3305-4A38-AE1D-374980F7F617}"
EndProject
Global
	GlobalSection(SolutionConfigurationPlatforms) = preSolution
		Debug|Any CPU = Debug|Any CPU
		Release|Any CPU = Release|Any CPU
	EndGlobalSection
	GlobalSection(ProjectConfigurationPlatforms) = postSolution
		{A21D6BCA-3305-4A38-AE1D-374980F7F617}.Debug|Any CPU.ActiveCfg = Debug|Any CPU
		{A21D6BCA-3305-4A38-AE1D-374980F7F617}.Debug|Any CPU.Build.0 = Debug|Any CPU
		{A21D6BCA-3305-4A38-AE1D-374980F7F617}.Release|Any CPU.ActiveCfg = Release|Any CPU
		{A21D6BCA-3305-4A38-AE1D-374980F7F617}.Release|Any CPU.Build.0 = Release|Any CPU
	EndGlobalSection
	GlobalSection(SolutionProperties) = preSolution
		HideSolutionNode = FALSE
	EndGlobalSection
	GlobalSection(ExtensibilityGlobals) = postSolution
		SolutionGuid = {3D3F335D-CE79-44B1-AA78-3DA3AFEC24C2}
	EndGlobalSection
EndGlobal
